{
  "nodes": {
    "nixpkgs": {
      "locked": {
        "lastModified": 1655770856,
        "narHash": "sha256-GZRIyHjuCbOl0UA8ClKmyRxZkCQEh/rsvU0otH037BU=",
        "owner": "NixOS",
        "repo": "nixpkgs",
        "rev": "63198c9ccefdbd337cef0d85db0ea2689f4ce418",
        "type": "github"
      },
      "original": {
        "owner": "NixOS",
        "ref": "nixos-21.11",
        "repo": "nixpkgs",
        "type": "github"
      }
    },
    "root": {
      "inputs": {
        "nixpkgs": "nixpkgs"
      }
    }
  },
  "root": "root",
  "version": 7
}
